
Microsoft Visual Studio Solution File, Format Version 12.00
# Visual Studio Version 17
VisualStudioVersion = 17.2.32526.322
MinimumVisualStudioVersion = 10.0.40219.1
Project("{FAE04EC0-301F-11D3-BF4B-00C04F79EFBC}") = "largeGame", "largeGame\largeGame.csproj", "{32A6063B-F694-48EE-BC09-2ECFE67201AF}"
EndProject
Global
	GlobalSection(SolutionConfigurationPlatforms) = preSolution
		Debug|Any CPU = Debug|Any CPU
		Release|Any CPU = Release|Any CPU
	EndGlobalSection
	GlobalSection(ProjectConfigurationPlatforms) = postSolution
		{32A6063B-F694-48EE-BC09-2ECFE67201AF}.Debug|Any CPU.ActiveCfg = Debug|Any CPU
		{32A6063B-F694-48EE-BC09-2ECFE67201AF}.Debug|Any CPU.Build.0 = Debug|Any CPU
		{32A6063B-F694-48EE-BC09-2ECFE67201AF}.Release|Any CPU.ActiveCfg = Release|Any CPU
		{32A6063B-F694-48EE-BC09-2ECFE67201AF}.Release|Any CPU.Build.0 = Release|Any CPU
	EndGlobalSection
	GlobalSection(SolutionProperties) = preSolution
		HideSolutionNode = FALSE
	EndGlobalSection
	GlobalSection(ExtensibilityGlobals) = postSolution
		SolutionGuid = {CC946225-FAC0-4947-929C-1EE921F9D8B1}
	EndGlobalSection
EndGlobal
